
Microsoft Visual Studio Solution File, Format Version 12.00
# Visual Studio 2012
Project("{8BC9CEB8-8B4A-11D0-8D11-00A0C91BC942}") = "DeuteriumAssetLibrary", "DeuteriumAssetLoader\DeuteriumAssetLoader.vcxproj", "{6DEFBA30-0040-4231-9AC3-A94717F4C9E1}"
EndProject
Project("{8BC9CEB8-8B4A-11D0-8D11-00A0C91BC942}") = "DeuteriumEngine", "DeuteriumEngine\DeuteriumEngine.vcxproj", "{F50FE5B1-7465-43D2-9C79-B01377BF5785}"
EndProject
Project("{8BC9CEB8-8B4A-11D0-8D11-00A0C91BC942}") = "DeuteriumRenderer", "DeuteriumRenderer\DeuteriumRenderer.vcxproj", "{87F4ECAA-BC9E-4774-B6F1-8510D2F6F5DE}"
EndProject
Global
	GlobalSection(SolutionConfigurationPlatforms) = preSolution
		Debug|Win32 = Debug|Win32
		DebugStaticPC|Win32 = DebugStaticPC|Win32
		Release|Win32 = Release|Win32
	EndGlobalSection
	GlobalSection(ProjectConfigurationPlatforms) = postSolution
		{6DEFBA30-0040-4231-9AC3-A94717F4C9E1}.Debug|Win32.ActiveCfg = Debug|Win32
		{6DEFBA30-0040-4231-9AC3-A94717F4C9E1}.Debug|Win32.Build.0 = Debug|Win32
		{6DEFBA30-0040-4231-9AC3-A94717F4C9E1}.DebugStaticPC|Win32.ActiveCfg = DebugStaticPC|Win32
		{6DEFBA30-0040-4231-9AC3-A94717F4C9E1}.DebugStaticPC|Win32.Build.0 = DebugStaticPC|Win32
		{6DEFBA30-0040-4231-9AC3-A94717F4C9E1}.Release|Win32.ActiveCfg = Release|Win32
		{6DEFBA30-0040-4231-9AC3-A94717F4C9E1}.Release|Win32.Build.0 = Release|Win32
		{F50FE5B1-7465-43D2-9C79-B01377BF5785}.Debug|Win32.ActiveCfg = Debug|Win32
		{F50FE5B1-7465-43D2-9C79-B01377BF5785}.Debug|Win32.Build.0 = Debug|Win32
		{F50FE5B1-7465-43D2-9C79-B01377BF5785}.DebugStaticPC|Win32.ActiveCfg = DebugStaticPC|Win32
		{F50FE5B1-7465-43D2-9C79-B01377BF5785}.DebugStaticPC|Win32.Build.0 = DebugStaticPC|Win32
		{F50FE5B1-7465-43D2-9C79-B01377BF5785}.Release|Win32.ActiveCfg = Release|Win32
		{F50FE5B1-7465-43D2-9C79-B01377BF5785}.Release|Win32.Build.0 = Release|Win32
		{87F4ECAA-BC9E-4774-B6F1-8510D2F6F5DE}.Debug|Win32.ActiveCfg = Debug|Win32
		{87F4ECAA-BC9E-4774-B6F1-8510D2F6F5DE}.Debug|Win32.Build.0 = Debug|Win32
		{87F4ECAA-BC9E-4774-B6F1-8510D2F6F5DE}.DebugStaticPC|Win32.ActiveCfg = DebugStaticPC|Win32
		{87F4ECAA-BC9E-4774-B6F1-8510D2F6F5DE}.DebugStaticPC|Win32.Build.0 = DebugStaticPC|Win32
		{87F4ECAA-BC9E-4774-B6F1-8510D2F6F5DE}.Release|Win32.ActiveCfg = Release|Win32
		{87F4ECAA-BC9E-4774-B6F1-8510D2F6F5DE}.Release|Win32.Build.0 = Release|Win32
	EndGlobalSection
	GlobalSection(SolutionProperties) = preSolution
		HideSolutionNode = FALSE
	EndGlobalSection
EndGlobal
