<?xml version="1.0" encoding="utf-8"?>
<Project ToolsVersion="4.0" xmlns="http://schemas.microsoft.com/developer/msbuild/2003">
  <ItemGroup>
    <ClInclude Include="renderer.h">
      <Filter>Renderer</Filter>
    </ClInclude>
    <ClInclude Include="draw_request.h">
      <Filter>Renderer</Filter>
    </ClInclude>
    <ClInclude Include="..\Common\deuterium_math.h">
      <Filter>Common</Filter>
    </ClInclude>
  </ItemGroup>
  <ItemGroup>
    <ClCompile Include="renderer.cpp">
      <Filter>Renderer</Filter>
    </ClCompile>
    <ClCompile Include="renderer_init.cpp">
      <Filter>Renderer</Filter>
    </ClCompile>
    <ClCompile Include="renderer_render.cpp">
      <Filter>Renderer</Filter>
    </ClCompile>
    <ClCompile Include="renderer_update.cpp">
      <Filter>Renderer</Filter>
    </ClCompile>
    <ClCompile Include="..\Common\deuterium_math.cpp">
      <Filter>Common</Filter>
    </ClCompile>
    <ClCompile Include="renderer_entrypoint.cpp">
      <Filter>Renderer</Filter>
    </ClCompile>
  </ItemGroup>
  <ItemGroup>
    <Filter Include="Renderer">
      <UniqueIdentifier>{b91c2a59-a08b-4083-9ffc-dc942a791037}</UniqueIdentifier>
    </Filter>
    <Filter Include="Common">
      <UniqueIdentifier>{4d0a2f97-6f03-4f92-bb75-4661b72e524d}</UniqueIdentifier>
    </Filter>
  </ItemGroup>
</Project>