<?xml version="1.0" encoding="utf-8"?>
<Project ToolsVersion="4.0" xmlns="http://schemas.microsoft.com/developer/msbuild/2003">
  <ItemGroup>
    <ClInclude Include="renderer.h">
      <Filter>Renderer</Filter>
    </ClInclude>
    <ClInclude Include="..\Common\deuterium_math.h">
      <Filter>Common</Filter>
    </ClInclude>
    <ClInclude Include="material.h">
      <Filter>Material</Filter>
    </ClInclude>
    <ClInclude Include="..\Common\void_d_ptr.h">
      <Filter>Common</Filter>
    </ClInclude>
    <ClInclude Include="shader_parameter.h">
      <Filter>Material</Filter>
    </ClInclude>
    <ClInclude Include="draw_request.h">
      <Filter>RenderPipe</Filter>
    </ClInclude>
    <ClInclude Include="render_pipe.h">
      <Filter>RenderPipe</Filter>
    </ClInclude>
    <ClInclude Include="render_pass.h">
      <Filter>RenderPipe</Filter>
    </ClInclude>
    <ClInclude Include="shader_pass.h">
      <Filter>RenderPipe</Filter>
    </ClInclude>
    <ClInclude Include="shader_component.h">
      <Filter>RenderPipe</Filter>
    </ClInclude>
    <ClInclude Include="rendering_assets_library.h" />
    <ClInclude Include="rendering_asset.h" />
    <ClInclude Include="stream_data.h" />
    <ClInclude Include="..\Common\string_helper.h">
      <Filter>Common</Filter>
    </ClInclude>
  </ItemGroup>
  <ItemGroup>
    <ClCompile Include="renderer.cpp">
      <Filter>Renderer</Filter>
    </ClCompile>
    <ClCompile Include="renderer_init.cpp">
      <Filter>Renderer</Filter>
    </ClCompile>
    <ClCompile Include="renderer_render.cpp">
      <Filter>Renderer</Filter>
    </ClCompile>
    <ClCompile Include="renderer_update.cpp">
      <Filter>Renderer</Filter>
    </ClCompile>
    <ClCompile Include="..\Common\deuterium_math.cpp">
      <Filter>Common</Filter>
    </ClCompile>
    <ClCompile Include="renderer_entrypoint.cpp">
      <Filter>Renderer</Filter>
    </ClCompile>
    <ClCompile Include="material.cpp">
      <Filter>Material</Filter>
    </ClCompile>
    <ClCompile Include="..\Common\void_d_ptr.cpp">
      <Filter>Common</Filter>
    </ClCompile>
    <ClCompile Include="shader_parameter.cpp">
      <Filter>Material</Filter>
    </ClCompile>
    <ClCompile Include="render_pipe.cpp">
      <Filter>RenderPipe</Filter>
    </ClCompile>
    <ClCompile Include="render_pass.cpp">
      <Filter>RenderPipe</Filter>
    </ClCompile>
    <ClCompile Include="shader_pass.cpp">
      <Filter>RenderPipe</Filter>
    </ClCompile>
    <ClCompile Include="shader_component.cpp">
      <Filter>RenderPipe</Filter>
    </ClCompile>
    <ClCompile Include="rendering_assets_library.cpp" />
    <ClCompile Include="rendering_asset.cpp" />
    <ClCompile Include="stream_data.cpp" />
    <ClCompile Include="..\Common\string_helper.cpp">
      <Filter>Common</Filter>
    </ClCompile>
  </ItemGroup>
  <ItemGroup>
    <Filter Include="Renderer">
      <UniqueIdentifier>{b91c2a59-a08b-4083-9ffc-dc942a791037}</UniqueIdentifier>
    </Filter>
    <Filter Include="Common">
      <UniqueIdentifier>{4d0a2f97-6f03-4f92-bb75-4661b72e524d}</UniqueIdentifier>
    </Filter>
    <Filter Include="Material">
      <UniqueIdentifier>{c5ba7740-f017-484e-9531-a4c89913599b}</UniqueIdentifier>
    </Filter>
    <Filter Include="RenderPipe">
      <UniqueIdentifier>{468bc8fd-7e51-456f-bc7b-c15bbb98e465}</UniqueIdentifier>
    </Filter>
  </ItemGroup>
</Project>